// !$*UTF8*$!
{
	archiveVersion = 1;
	classes = {
	};
	objectVersion = 55;
	objects = {

/* Begin PBXBuildFile section */
		F4F334A82843FF7E004B5EB8 /* main.cc in Sources */ = {isa = PBXBuildFile; fileRef = F4F334A72843FF7E004B5EB8 /* main.cc */; };
		F4F334B7284405FC004B5EB8 /* ArgParser.cc in Sources */ = {isa = PBXBuildFile; fileRef = F4F334B6284405FC004B5EB8 /* ArgParser.cc */; };
		F4F334BA28442188004B5EB8 /* VlwFont.cc in Sources */ = {isa = PBXBuildFile; fileRef = F4F334B828442188004B5EB8 /* VlwFont.cc */; };
		F4F334BD28442646004B5EB8 /* VlwGlyph.cc in Sources */ = {isa = PBXBuildFile; fileRef = F4F334BB28442646004B5EB8 /* VlwGlyph.cc */; };
		F4F334C028444503004B5EB8 /* Converter.cc in Sources */ = {isa = PBXBuildFile; fileRef = F4F334BE28444503004B5EB8 /* Converter.cc */; };
/* End PBXBuildFile section */

/* Begin PBXCopyFilesBuildPhase section */
		F4F334A22843FF7D004B5EB8 /* CopyFiles */ = {
			isa = PBXCopyFilesBuildPhase;
			buildActionMask = 2147483647;
			dstPath = /usr/share/man/man1/;
			dstSubfolderSpec = 0;
			files = (
			);
			runOnlyForDeploymentPostprocessing = 1;
		};
/* End PBXCopyFilesBuildPhase section */

/* Begin PBXFileReference section */
		F4F334A42843FF7E004B5EB8 /* vlw2h */ = {isa = PBXFileReference; explicitFileType = "compiled.mach-o.executable"; includeInIndex = 0; path = vlw2h; sourceTree = BUILT_PRODUCTS_DIR; };
		F4F334A72843FF7E004B5EB8 /* main.cc */ = {isa = PBXFileReference; lastKnownFileType = sourcecode.cpp.cpp; path = main.cc; sourceTree = "<group>"; };
		F4F334B028440466004B5EB8 /* include */ = {isa = PBXFileReference; lastKnownFileType = folder; path = include; sourceTree = "<group>"; };
		F4F334B5284405FC004B5EB8 /* ArgParser.h */ = {isa = PBXFileReference; fileEncoding = 4; lastKnownFileType = sourcecode.c.h; name = ArgParser.h; path = classes/ArgParser.h; sourceTree = "<group>"; };
		F4F334B6284405FC004B5EB8 /* ArgParser.cc */ = {isa = PBXFileReference; fileEncoding = 4; lastKnownFileType = sourcecode.cpp.cpp; name = ArgParser.cc; path = classes/ArgParser.cc; sourceTree = "<group>"; };
		F4F334B828442188004B5EB8 /* VlwFont.cc */ = {isa = PBXFileReference; lastKnownFileType = sourcecode.cpp.cpp; name = VlwFont.cc; path = classes/VlwFont.cc; sourceTree = "<group>"; };
		F4F334B928442188004B5EB8 /* VlwFont.h */ = {isa = PBXFileReference; lastKnownFileType = sourcecode.c.h; name = VlwFont.h; path = classes/VlwFont.h; sourceTree = "<group>"; };
		F4F334BB28442646004B5EB8 /* VlwGlyph.cc */ = {isa = PBXFileReference; lastKnownFileType = sourcecode.cpp.cpp; name = VlwGlyph.cc; path = classes/VlwGlyph.cc; sourceTree = "<group>"; };
		F4F334BC28442646004B5EB8 /* VlwGlyph.h */ = {isa = PBXFileReference; lastKnownFileType = sourcecode.c.h; name = VlwGlyph.h; path = classes/VlwGlyph.h; sourceTree = "<group>"; };
		F4F334BE28444503004B5EB8 /* Converter.cc */ = {isa = PBXFileReference; lastKnownFileType = sourcecode.cpp.cpp; name = Converter.cc; path = classes/Converter.cc; sourceTree = "<group>"; };
		F4F334BF28444503004B5EB8 /* Converter.h */ = {isa = PBXFileReference; lastKnownFileType = sourcecode.c.h; name = Converter.h; path = classes/Converter.h; sourceTree = "<group>"; };
/* End PBXFileReference section */

/* Begin PBXFrameworksBuildPhase section */
		F4F334A12843FF7D004B5EB8 /* Frameworks */ = {
			isa = PBXFrameworksBuildPhase;
			buildActionMask = 2147483647;
			files = (
			);
			runOnlyForDeploymentPostprocessing = 0;
		};
/* End PBXFrameworksBuildPhase section */

/* Begin PBXGroup section */
		F4F3349B2843FF7D004B5EB8 = {
			isa = PBXGroup;
			children = (
				F4F334A62843FF7E004B5EB8 /* vlw2h */,
				F4F334A52843FF7E004B5EB8 /* Products */,
			);
			sourceTree = "<group>";
		};
		F4F334A52843FF7E004B5EB8 /* Products */ = {
			isa = PBXGroup;
			children = (
				F4F334A42843FF7E004B5EB8 /* vlw2h */,
			);
			name = Products;
			sourceTree = "<group>";
		};
		F4F334A62843FF7E004B5EB8 /* vlw2h */ = {
			isa = PBXGroup;
			children = (
				F4F334B4284405ED004B5EB8 /* classes */,
				F4F334B028440466004B5EB8 /* include */,
				F4F334A72843FF7E004B5EB8 /* main.cc */,
			);
			path = vlw2h;
			sourceTree = "<group>";
		};
		F4F334B4284405ED004B5EB8 /* classes */ = {
			isa = PBXGroup;
			children = (
				F4F334B6284405FC004B5EB8 /* ArgParser.cc */,
				F4F334B5284405FC004B5EB8 /* ArgParser.h */,
				F4F334B828442188004B5EB8 /* VlwFont.cc */,
				F4F334B928442188004B5EB8 /* VlwFont.h */,
				F4F334BB28442646004B5EB8 /* VlwGlyph.cc */,
				F4F334BC28442646004B5EB8 /* VlwGlyph.h */,
				F4F334BE28444503004B5EB8 /* Converter.cc */,
				F4F334BF28444503004B5EB8 /* Converter.h */,
			);
			name = classes;
			sourceTree = "<group>";
		};
/* End PBXGroup section */

/* Begin PBXNativeTarget section */
		F4F334A32843FF7D004B5EB8 /* vlw2h */ = {
			isa = PBXNativeTarget;
			buildConfigurationList = F4F334AB2843FF7E004B5EB8 /* Build configuration list for PBXNativeTarget "vlw2h" */;
			buildPhases = (
				F4F334AF28440231004B5EB8 /* Run Script */,
				F4F334A02843FF7D004B5EB8 /* Sources */,
				F4F334A12843FF7D004B5EB8 /* Frameworks */,
				F4F334A22843FF7D004B5EB8 /* CopyFiles */,
			);
			buildRules = (
			);
			dependencies = (
			);
			name = vlw2h;
			productName = vlw2h;
			productReference = F4F334A42843FF7E004B5EB8 /* vlw2h */;
			productType = "com.apple.product-type.tool";
		};
/* End PBXNativeTarget section */

/* Begin PBXProject section */
		F4F3349C2843FF7D004B5EB8 /* Project object */ = {
			isa = PBXProject;
			attributes = {
				BuildIndependentTargetsInParallel = 1;
				LastUpgradeCheck = 1340;
				TargetAttributes = {
					F4F334A32843FF7D004B5EB8 = {
						CreatedOnToolsVersion = 13.4;
					};
				};
			};
			buildConfigurationList = F4F3349F2843FF7D004B5EB8 /* Build configuration list for PBXProject "vlw2h" */;
			compatibilityVersion = "Xcode 13.0";
			developmentRegion = en;
			hasScannedForEncodings = 0;
			knownRegions = (
				en,
				Base,
			);
			mainGroup = F4F3349B2843FF7D004B5EB8;
			productRefGroup = F4F334A52843FF7E004B5EB8 /* Products */;
			projectDirPath = "";
			projectRoot = "";
			targets = (
				F4F334A32843FF7D004B5EB8 /* vlw2h */,
			);
		};
/* End PBXProject section */

/* Begin PBXShellScriptBuildPhase section */
		F4F334AF28440231004B5EB8 /* Run Script */ = {
			isa = PBXShellScriptBuildPhase;
			buildActionMask = 2147483647;
			files = (
			);
			inputFileListPaths = (
			);
			inputPaths = (
			);
			name = "Run Script";
			outputFileListPaths = (
			);
			outputPaths = (
			);
			runOnlyForDeploymentPostprocessing = 0;
			shellPath = /bin/sh;
			shellScript = "echo \"yes\"\n";
		};
/* End PBXShellScriptBuildPhase section */

/* Begin PBXSourcesBuildPhase section */
		F4F334A02843FF7D004B5EB8 /* Sources */ = {
			isa = PBXSourcesBuildPhase;
			buildActionMask = 2147483647;
			files = (
				F4F334BA28442188004B5EB8 /* VlwFont.cc in Sources */,
				F4F334A82843FF7E004B5EB8 /* main.cc in Sources */,
				F4F334C028444503004B5EB8 /* Converter.cc in Sources */,
				F4F334BD28442646004B5EB8 /* VlwGlyph.cc in Sources */,
				F4F334B7284405FC004B5EB8 /* ArgParser.cc in Sources */,
			);
			runOnlyForDeploymentPostprocessing = 0;
		};
/* End PBXSourcesBuildPhase section */

/* Begin XCBuildConfiguration section */
		F4F334A92843FF7E004B5EB8 /* Debug */ = {
			isa = XCBuildConfiguration;
			buildSettings = {
				ALWAYS_SEARCH_USER_PATHS = NO;
				CLANG_ANALYZER_NONNULL = YES;
				CLANG_ANALYZER_NUMBER_OBJECT_CONVERSION = YES_AGGRESSIVE;
				CLANG_CXX_LANGUAGE_STANDARD = "gnu++17";
				CLANG_ENABLE_MODULES = YES;
				CLANG_ENABLE_OBJC_ARC = YES;
				CLANG_ENABLE_OBJC_WEAK = YES;
				CLANG_WARN_BLOCK_CAPTURE_AUTORELEASING = YES;
				CLANG_WARN_BOOL_CONVERSION = YES;
				CLANG_WARN_COMMA = YES;
				CLANG_WARN_CONSTANT_CONVERSION = YES;
				CLANG_WARN_DEPRECATED_OBJC_IMPLEMENTATIONS = YES;
				CLANG_WARN_DIRECT_OBJC_ISA_USAGE = YES_ERROR;
				CLANG_WARN_DOCUMENTATION_COMMENTS = YES;
				CLANG_WARN_EMPTY_BODY = YES;
				CLANG_WARN_ENUM_CONVERSION = YES;
				CLANG_WARN_INFINITE_RECURSION = YES;
				CLANG_WARN_INT_CONVERSION = YES;
				CLANG_WARN_NON_LITERAL_NULL_CONVERSION = YES;
				CLANG_WARN_OBJC_IMPLICIT_RETAIN_SELF = YES;
				CLANG_WARN_OBJC_LITERAL_CONVERSION = YES;
				CLANG_WARN_OBJC_ROOT_CLASS = YES_ERROR;
				CLANG_WARN_QUOTED_INCLUDE_IN_FRAMEWORK_HEADER = YES;
				CLANG_WARN_RANGE_LOOP_ANALYSIS = YES;
				CLANG_WARN_STRICT_PROTOTYPES = YES;
				CLANG_WARN_SUSPICIOUS_MOVE = YES;
				CLANG_WARN_UNGUARDED_AVAILABILITY = YES_AGGRESSIVE;
				CLANG_WARN_UNREACHABLE_CODE = YES;
				CLANG_WARN__DUPLICATE_METHOD_MATCH = YES;
				COPY_PHASE_STRIP = NO;
				DEBUG_INFORMATION_FORMAT = dwarf;
				ENABLE_STRICT_OBJC_MSGSEND = YES;
				ENABLE_TESTABILITY = YES;
				GCC_C_LANGUAGE_STANDARD = gnu11;
				GCC_DYNAMIC_NO_PIC = NO;
				GCC_NO_COMMON_BLOCKS = YES;
				GCC_OPTIMIZATION_LEVEL = 0;
				GCC_PREPROCESSOR_DEFINITIONS = (
					"DEBUG=1",
					"$(inherited)",
				);
				GCC_WARN_64_TO_32_BIT_CONVERSION = YES;
				GCC_WARN_ABOUT_RETURN_TYPE = YES_ERROR;
				GCC_WARN_UNDECLARED_SELECTOR = YES;
				GCC_WARN_UNINITIALIZED_AUTOS = YES_AGGRESSIVE;
				GCC_WARN_UNUSED_FUNCTION = YES;
				GCC_WARN_UNUSED_VARIABLE = YES;
				MACOSX_DEPLOYMENT_TARGET = 12.3;
				MTL_ENABLE_DEBUG_INFO = INCLUDE_SOURCE;
				MTL_FAST_MATH = YES;
				ONLY_ACTIVE_ARCH = YES;
				SDKROOT = macosx;
			};
			name = Debug;
		};
		F4F334AA2843FF7E004B5EB8 /* Release */ = {
			isa = XCBuildConfiguration;
			buildSettings = {
				ALWAYS_SEARCH_USER_PATHS = NO;
				CLANG_ANALYZER_NONNULL = YES;
				CLANG_ANALYZER_NUMBER_OBJECT_CONVERSION = YES_AGGRESSIVE;
				CLANG_CXX_LANGUAGE_STANDARD = "gnu++17";
				CLANG_ENABLE_MODULES = YES;
				CLANG_ENABLE_OBJC_ARC = YES;
				CLANG_ENABLE_OBJC_WEAK = YES;
				CLANG_WARN_BLOCK_CAPTURE_AUTORELEASING = YES;
				CLANG_WARN_BOOL_CONVERSION = YES;
				CLANG_WARN_COMMA = YES;
				CLANG_WARN_CONSTANT_CONVERSION = YES;
				CLANG_WARN_DEPRECATED_OBJC_IMPLEMENTATIONS = YES;
				CLANG_WARN_DIRECT_OBJC_ISA_USAGE = YES_ERROR;
				CLANG_WARN_DOCUMENTATION_COMMENTS = YES;
				CLANG_WARN_EMPTY_BODY = YES;
				CLANG_WARN_ENUM_CONVERSION = YES;
				CLANG_WARN_INFINITE_RECURSION = YES;
				CLANG_WARN_INT_CONVERSION = YES;
				CLANG_WARN_NON_LITERAL_NULL_CONVERSION = YES;
				CLANG_WARN_OBJC_IMPLICIT_RETAIN_SELF = YES;
				CLANG_WARN_OBJC_LITERAL_CONVERSION = YES;
				CLANG_WARN_OBJC_ROOT_CLASS = YES_ERROR;
				CLANG_WARN_QUOTED_INCLUDE_IN_FRAMEWORK_HEADER = YES;
				CLANG_WARN_RANGE_LOOP_ANALYSIS = YES;
				CLANG_WARN_STRICT_PROTOTYPES = YES;
				CLANG_WARN_SUSPICIOUS_MOVE = YES;
				CLANG_WARN_UNGUARDED_AVAILABILITY = YES_AGGRESSIVE;
				CLANG_WARN_UNREACHABLE_CODE = YES;
				CLANG_WARN__DUPLICATE_METHOD_MATCH = YES;
				COPY_PHASE_STRIP = NO;
				DEBUG_INFORMATION_FORMAT = "dwarf-with-dsym";
				ENABLE_NS_ASSERTIONS = NO;
				ENABLE_STRICT_OBJC_MSGSEND = YES;
				GCC_C_LANGUAGE_STANDARD = gnu11;
				GCC_NO_COMMON_BLOCKS = YES;
				GCC_WARN_64_TO_32_BIT_CONVERSION = YES;
				GCC_WARN_ABOUT_RETURN_TYPE = YES_ERROR;
				GCC_WARN_UNDECLARED_SELECTOR = YES;
				GCC_WARN_UNINITIALIZED_AUTOS = YES_AGGRESSIVE;
				GCC_WARN_UNUSED_FUNCTION = YES;
				GCC_WARN_UNUSED_VARIABLE = YES;
				MACOSX_DEPLOYMENT_TARGET = 12.3;
				MTL_ENABLE_DEBUG_INFO = NO;
				MTL_FAST_MATH = YES;
				SDKROOT = macosx;
			};
			name = Release;
		};
		F4F334AC2843FF7E004B5EB8 /* Debug */ = {
			isa = XCBuildConfiguration;
			buildSettings = {
				CLANG_CXX_LANGUAGE_STANDARD = "gnu++20";
				CODE_SIGN_STYLE = Automatic;
				DEVELOPMENT_TEAM = S9DMW7WK55;
				ENABLE_HARDENED_RUNTIME = YES;
				HEADER_SEARCH_PATHS = (
					"${PROJECT_DIR}/${TARGET_NAME}/classes",
					"${PROJECT_DIR}/${TARGET_NAME}/include",
				);
				PRODUCT_NAME = "$(TARGET_NAME)";
			};
			name = Debug;
		};
		F4F334AD2843FF7E004B5EB8 /* Release */ = {
			isa = XCBuildConfiguration;
			buildSettings = {
				CLANG_CXX_LANGUAGE_STANDARD = "gnu++20";
				CODE_SIGN_STYLE = Automatic;
				DEVELOPMENT_TEAM = S9DMW7WK55;
				ENABLE_HARDENED_RUNTIME = YES;
				HEADER_SEARCH_PATHS = (
					"${PROJECT_DIR}/${TARGET_NAME}/classes",
					"${PROJECT_DIR}/${TARGET_NAME}/include",
				);
				PRODUCT_NAME = "$(TARGET_NAME)";
			};
			name = Release;
		};
/* End XCBuildConfiguration section */

/* Begin XCConfigurationList section */
		F4F3349F2843FF7D004B5EB8 /* Build configuration list for PBXProject "vlw2h" */ = {
			isa = XCConfigurationList;
			buildConfigurations = (
				F4F334A92843FF7E004B5EB8 /* Debug */,
				F4F334AA2843FF7E004B5EB8 /* Release */,
			);
			defaultConfigurationIsVisible = 0;
			defaultConfigurationName = Release;
		};
		F4F334AB2843FF7E004B5EB8 /* Build configuration list for PBXNativeTarget "vlw2h" */ = {
			isa = XCConfigurationList;
			buildConfigurations = (
				F4F334AC2843FF7E004B5EB8 /* Debug */,
				F4F334AD2843FF7E004B5EB8 /* Release */,
			);
			defaultConfigurationIsVisible = 0;
			defaultConfigurationName = Release;
		};
/* End XCConfigurationList section */
	};
	rootObject = F4F3349C2843FF7D004B5EB8 /* Project object */;
}
